// !$*UTF8*$!
{
	archiveVersion = 1;
	classes = {
	};
	objectVersion = 46;
	objects = {

/* Begin PBXBuildFile section */
		7D4CB75E1BF5CB7B004386F0 /* ItemDetailsViewController.m in Sources */ = {isa = PBXBuildFile; fileRef = 7D4CB75D1BF5CB7B004386F0 /* ItemDetailsViewController.m */; settings = {ASSET_TAGS = (); }; };
		7D4CB7611BF5CCC3004386F0 /* Item.m in Sources */ = {isa = PBXBuildFile; fileRef = 7D4CB7601BF5CCC3004386F0 /* Item.m */; settings = {ASSET_TAGS = (); }; };
		7D4CB7641BF5F590004386F0 /* MyShortList.m in Sources */ = {isa = PBXBuildFile; fileRef = 7D4CB7631BF5F590004386F0 /* MyShortList.m */; settings = {ASSET_TAGS = (); }; };
		7D4CB7671BF60D2B004386F0 /* ProductCell.m in Sources */ = {isa = PBXBuildFile; fileRef = 7D4CB7661BF60D2B004386F0 /* ProductCell.m */; settings = {ASSET_TAGS = (); }; };
		7DD6201B1BF17368000D39DE /* main.m in Sources */ = {isa = PBXBuildFile; fileRef = 7DD6201A1BF17368000D39DE /* main.m */; };
		7DD6201E1BF17368000D39DE /* AppDelegate.m in Sources */ = {isa = PBXBuildFile; fileRef = 7DD6201D1BF17368000D39DE /* AppDelegate.m */; };
		7DD620241BF17368000D39DE /* Main.storyboard in Resources */ = {isa = PBXBuildFile; fileRef = 7DD620221BF17368000D39DE /* Main.storyboard */; };
		7DD620291BF17368000D39DE /* LaunchScreen.storyboard in Resources */ = {isa = PBXBuildFile; fileRef = 7DD620271BF17368000D39DE /* LaunchScreen.storyboard */; };
		7DD620341BF17368000D39DE /* hci_projectTests.m in Sources */ = {isa = PBXBuildFile; fileRef = 7DD620331BF17368000D39DE /* hci_projectTests.m */; };
		7DD6203F1BF17368000D39DE /* hci_projectUITests.m in Sources */ = {isa = PBXBuildFile; fileRef = 7DD6203E1BF17368000D39DE /* hci_projectUITests.m */; };
		7DD620541BF17A52000D39DE /* Restaurant.m in Sources */ = {isa = PBXBuildFile; fileRef = 7DD620531BF17A52000D39DE /* Restaurant.m */; settings = {ASSET_TAGS = (); }; };
		7DD6205A1BF17E90000D39DE /* RestaurantCollectionViewCell.m in Sources */ = {isa = PBXBuildFile; fileRef = 7DD620591BF17E90000D39DE /* RestaurantCollectionViewCell.m */; settings = {ASSET_TAGS = (); }; };
		7DD6205D1BF1A8CD000D39DE /* SwipeViewController.m in Sources */ = {isa = PBXBuildFile; fileRef = 7DD6205C1BF1A8CD000D39DE /* SwipeViewController.m */; settings = {ASSET_TAGS = (); }; };
		7DD620631BF1BE56000D39DE /* RestaurantsViewController.m in Sources */ = {isa = PBXBuildFile; fileRef = 7DD620621BF1BE56000D39DE /* RestaurantsViewController.m */; settings = {ASSET_TAGS = (); }; };
		7DD6206D1BF1FF3F000D39DE /* DraggableViewBackground.m in Sources */ = {isa = PBXBuildFile; fileRef = 7DD620671BF1FF3F000D39DE /* DraggableViewBackground.m */; settings = {ASSET_TAGS = (); }; };
		7DD6206E1BF1FF3F000D39DE /* DraggableView.m in Sources */ = {isa = PBXBuildFile; fileRef = 7DD620691BF1FF3F000D39DE /* DraggableView.m */; settings = {ASSET_TAGS = (); }; };
		7DD6206F1BF1FF3F000D39DE /* OverlayView.m in Sources */ = {isa = PBXBuildFile; fileRef = 7DD6206B1BF1FF3F000D39DE /* OverlayView.m */; settings = {ASSET_TAGS = (); }; };
		7DD620711BF25435000D39DE /* Assets.xcassets in Resources */ = {isa = PBXBuildFile; fileRef = 7DD620701BF25435000D39DE /* Assets.xcassets */; settings = {ASSET_TAGS = (); }; };
		7DD620741BF257F3000D39DE /* ShortListViewController.m in Sources */ = {isa = PBXBuildFile; fileRef = 7DD620731BF257F3000D39DE /* ShortListViewController.m */; settings = {ASSET_TAGS = (); }; };
/* End PBXBuildFile section */

/* Begin PBXContainerItemProxy section */
		7DD620301BF17368000D39DE /* PBXContainerItemProxy */ = {
			isa = PBXContainerItemProxy;
			containerPortal = 7DD6200E1BF17368000D39DE /* Project object */;
			proxyType = 1;
			remoteGlobalIDString = 7DD620151BF17368000D39DE;
			remoteInfo = "hci-project";
		};
		7DD6203B1BF17368000D39DE /* PBXContainerItemProxy */ = {
			isa = PBXContainerItemProxy;
			containerPortal = 7DD6200E1BF17368000D39DE /* Project object */;
			proxyType = 1;
			remoteGlobalIDString = 7DD620151BF17368000D39DE;
			remoteInfo = "hci-project";
		};
/* End PBXContainerItemProxy section */

/* Begin PBXFileReference section */
		7D4CB75C1BF5CB7B004386F0 /* ItemDetailsViewController.h */ = {isa = PBXFileReference; fileEncoding = 4; lastKnownFileType = sourcecode.c.h; path = ItemDetailsViewController.h; sourceTree = "<group>"; };
		7D4CB75D1BF5CB7B004386F0 /* ItemDetailsViewController.m */ = {isa = PBXFileReference; fileEncoding = 4; lastKnownFileType = sourcecode.c.objc; path = ItemDetailsViewController.m; sourceTree = "<group>"; };
		7D4CB75F1BF5CCC3004386F0 /* Item.h */ = {isa = PBXFileReference; fileEncoding = 4; lastKnownFileType = sourcecode.c.h; name = Item.h; path = ../Item.h; sourceTree = "<group>"; };
		7D4CB7601BF5CCC3004386F0 /* Item.m */ = {isa = PBXFileReference; fileEncoding = 4; lastKnownFileType = sourcecode.c.objc; name = Item.m; path = ../Item.m; sourceTree = "<group>"; };
		7D4CB7621BF5F590004386F0 /* MyShortList.h */ = {isa = PBXFileReference; fileEncoding = 4; lastKnownFileType = sourcecode.c.h; path = MyShortList.h; sourceTree = "<group>"; };
		7D4CB7631BF5F590004386F0 /* MyShortList.m */ = {isa = PBXFileReference; fileEncoding = 4; lastKnownFileType = sourcecode.c.objc; path = MyShortList.m; sourceTree = "<group>"; };
		7D4CB7651BF60D2B004386F0 /* ProductCell.h */ = {isa = PBXFileReference; fileEncoding = 4; lastKnownFileType = sourcecode.c.h; path = ProductCell.h; sourceTree = "<group>"; };
		7D4CB7661BF60D2B004386F0 /* ProductCell.m */ = {isa = PBXFileReference; fileEncoding = 4; lastKnownFileType = sourcecode.c.objc; path = ProductCell.m; sourceTree = "<group>"; };
		7DD620161BF17368000D39DE /* hci-project.app */ = {isa = PBXFileReference; explicitFileType = wrapper.application; includeInIndex = 0; path = "hci-project.app"; sourceTree = BUILT_PRODUCTS_DIR; };
		7DD6201A1BF17368000D39DE /* main.m */ = {isa = PBXFileReference; lastKnownFileType = sourcecode.c.objc; path = main.m; sourceTree = "<group>"; };
		7DD6201C1BF17368000D39DE /* AppDelegate.h */ = {isa = PBXFileReference; lastKnownFileType = sourcecode.c.h; path = AppDelegate.h; sourceTree = "<group>"; };
		7DD6201D1BF17368000D39DE /* AppDelegate.m */ = {isa = PBXFileReference; lastKnownFileType = sourcecode.c.objc; path = AppDelegate.m; sourceTree = "<group>"; };
		7DD620231BF17368000D39DE /* Base */ = {isa = PBXFileReference; lastKnownFileType = file.storyboard; name = Base; path = Base.lproj/Main.storyboard; sourceTree = "<group>"; };
		7DD620281BF17368000D39DE /* Base */ = {isa = PBXFileReference; lastKnownFileType = file.storyboard; name = Base; path = Base.lproj/LaunchScreen.storyboard; sourceTree = "<group>"; };
		7DD6202A1BF17368000D39DE /* Info.plist */ = {isa = PBXFileReference; lastKnownFileType = text.plist.xml; path = Info.plist; sourceTree = "<group>"; };
		7DD6202F1BF17368000D39DE /* hci-projectTests.xctest */ = {isa = PBXFileReference; explicitFileType = wrapper.cfbundle; includeInIndex = 0; path = "hci-projectTests.xctest"; sourceTree = BUILT_PRODUCTS_DIR; };
		7DD620331BF17368000D39DE /* hci_projectTests.m */ = {isa = PBXFileReference; lastKnownFileType = sourcecode.c.objc; path = hci_projectTests.m; sourceTree = "<group>"; };
		7DD620351BF17368000D39DE /* Info.plist */ = {isa = PBXFileReference; lastKnownFileType = text.plist.xml; path = Info.plist; sourceTree = "<group>"; };
		7DD6203A1BF17368000D39DE /* hci-projectUITests.xctest */ = {isa = PBXFileReference; explicitFileType = wrapper.cfbundle; includeInIndex = 0; path = "hci-projectUITests.xctest"; sourceTree = BUILT_PRODUCTS_DIR; };
		7DD6203E1BF17368000D39DE /* hci_projectUITests.m */ = {isa = PBXFileReference; lastKnownFileType = sourcecode.c.objc; path = hci_projectUITests.m; sourceTree = "<group>"; };
		7DD620401BF17368000D39DE /* Info.plist */ = {isa = PBXFileReference; lastKnownFileType = text.plist.xml; path = Info.plist; sourceTree = "<group>"; };
		7DD620521BF17A52000D39DE /* Restaurant.h */ = {isa = PBXFileReference; fileEncoding = 4; lastKnownFileType = sourcecode.c.h; path = Restaurant.h; sourceTree = "<group>"; };
		7DD620531BF17A52000D39DE /* Restaurant.m */ = {isa = PBXFileReference; fileEncoding = 4; lastKnownFileType = sourcecode.c.objc; path = Restaurant.m; sourceTree = "<group>"; };
		7DD620581BF17E90000D39DE /* RestaurantCollectionViewCell.h */ = {isa = PBXFileReference; fileEncoding = 4; lastKnownFileType = sourcecode.c.h; path = RestaurantCollectionViewCell.h; sourceTree = "<group>"; };
		7DD620591BF17E90000D39DE /* RestaurantCollectionViewCell.m */ = {isa = PBXFileReference; fileEncoding = 4; lastKnownFileType = sourcecode.c.objc; path = RestaurantCollectionViewCell.m; sourceTree = "<group>"; };
		7DD6205B1BF1A8CD000D39DE /* SwipeViewController.h */ = {isa = PBXFileReference; fileEncoding = 4; lastKnownFileType = sourcecode.c.h; path = SwipeViewController.h; sourceTree = "<group>"; };
		7DD6205C1BF1A8CD000D39DE /* SwipeViewController.m */ = {isa = PBXFileReference; fileEncoding = 4; lastKnownFileType = sourcecode.c.objc; path = SwipeViewController.m; sourceTree = "<group>"; };
		7DD620611BF1BE56000D39DE /* RestaurantsViewController.h */ = {isa = PBXFileReference; fileEncoding = 4; lastKnownFileType = sourcecode.c.h; path = RestaurantsViewController.h; sourceTree = "<group>"; };
		7DD620621BF1BE56000D39DE /* RestaurantsViewController.m */ = {isa = PBXFileReference; fileEncoding = 4; lastKnownFileType = sourcecode.c.objc; path = RestaurantsViewController.m; sourceTree = "<group>"; };
		7DD620661BF1FF3F000D39DE /* DraggableViewBackground.h */ = {isa = PBXFileReference; fileEncoding = 4; lastKnownFileType = sourcecode.c.h; path = DraggableViewBackground.h; sourceTree = "<group>"; };
		7DD620671BF1FF3F000D39DE /* DraggableViewBackground.m */ = {isa = PBXFileReference; fileEncoding = 4; lastKnownFileType = sourcecode.c.objc; path = DraggableViewBackground.m; sourceTree = "<group>"; };
		7DD620681BF1FF3F000D39DE /* DraggableView.h */ = {isa = PBXFileReference; fileEncoding = 4; lastKnownFileType = sourcecode.c.h; path = DraggableView.h; sourceTree = "<group>"; };
		7DD620691BF1FF3F000D39DE /* DraggableView.m */ = {isa = PBXFileReference; fileEncoding = 4; lastKnownFileType = sourcecode.c.objc; path = DraggableView.m; sourceTree = "<group>"; };
		7DD6206A1BF1FF3F000D39DE /* OverlayView.h */ = {isa = PBXFileReference; fileEncoding = 4; lastKnownFileType = sourcecode.c.h; path = OverlayView.h; sourceTree = "<group>"; };
		7DD6206B1BF1FF3F000D39DE /* OverlayView.m */ = {isa = PBXFileReference; fileEncoding = 4; lastKnownFileType = sourcecode.c.objc; path = OverlayView.m; sourceTree = "<group>"; };
		7DD620701BF25435000D39DE /* Assets.xcassets */ = {isa = PBXFileReference; lastKnownFileType = folder.assetcatalog; path = Assets.xcassets; sourceTree = "<group>"; };
		7DD620721BF257F3000D39DE /* ShortListViewController.h */ = {isa = PBXFileReference; fileEncoding = 4; lastKnownFileType = sourcecode.c.h; path = ShortListViewController.h; sourceTree = "<group>"; };
		7DD620731BF257F3000D39DE /* ShortListViewController.m */ = {isa = PBXFileReference; fileEncoding = 4; lastKnownFileType = sourcecode.c.objc; path = ShortListViewController.m; sourceTree = "<group>"; };
/* End PBXFileReference section */

/* Begin PBXFrameworksBuildPhase section */
		7DD620131BF17368000D39DE /* Frameworks */ = {
			isa = PBXFrameworksBuildPhase;
			buildActionMask = 2147483647;
			files = (
			);
			runOnlyForDeploymentPostprocessing = 0;
		};
		7DD6202C1BF17368000D39DE /* Frameworks */ = {
			isa = PBXFrameworksBuildPhase;
			buildActionMask = 2147483647;
			files = (
			);
			runOnlyForDeploymentPostprocessing = 0;
		};
		7DD620371BF17368000D39DE /* Frameworks */ = {
			isa = PBXFrameworksBuildPhase;
			buildActionMask = 2147483647;
			files = (
			);
			runOnlyForDeploymentPostprocessing = 0;
		};
/* End PBXFrameworksBuildPhase section */

/* Begin PBXGroup section */
		7DD6200D1BF17368000D39DE = {
			isa = PBXGroup;
			children = (
				7DD620181BF17368000D39DE /* hci-project */,
				7DD620321BF17368000D39DE /* hci-projectTests */,
				7DD6203D1BF17368000D39DE /* hci-projectUITests */,
				7DD620171BF17368000D39DE /* Products */,
			);
			sourceTree = "<group>";
		};
		7DD620171BF17368000D39DE /* Products */ = {
			isa = PBXGroup;
			children = (
				7DD620161BF17368000D39DE /* hci-project.app */,
				7DD6202F1BF17368000D39DE /* hci-projectTests.xctest */,
				7DD6203A1BF17368000D39DE /* hci-projectUITests.xctest */,
			);
			name = Products;
			sourceTree = "<group>";
		};
		7DD620181BF17368000D39DE /* hci-project */ = {
			isa = PBXGroup;
			children = (
				7DD620701BF25435000D39DE /* Assets.xcassets */,
				7DD620611BF1BE56000D39DE /* RestaurantsViewController.h */,
				7DD620621BF1BE56000D39DE /* RestaurantsViewController.m */,
				7DD6205B1BF1A8CD000D39DE /* SwipeViewController.h */,
				7DD6205C1BF1A8CD000D39DE /* SwipeViewController.m */,
				7DD620661BF1FF3F000D39DE /* DraggableViewBackground.h */,
				7DD620671BF1FF3F000D39DE /* DraggableViewBackground.m */,
				7DD620721BF257F3000D39DE /* ShortListViewController.h */,
				7DD620731BF257F3000D39DE /* ShortListViewController.m */,
				7D4CB75C1BF5CB7B004386F0 /* ItemDetailsViewController.h */,
				7D4CB75D1BF5CB7B004386F0 /* ItemDetailsViewController.m */,
				7DD620221BF17368000D39DE /* Main.storyboard */,
				7DD620191BF17368000D39DE /* Supporting Files */,
				7D4CB7621BF5F590004386F0 /* MyShortList.h */,
				7D4CB7631BF5F590004386F0 /* MyShortList.m */,
			);
			path = "hci-project";
			sourceTree = "<group>";
		};
		7DD620191BF17368000D39DE /* Supporting Files */ = {
			isa = PBXGroup;
			children = (
				7DD6206A1BF1FF3F000D39DE /* OverlayView.h */,
				7DD6206B1BF1FF3F000D39DE /* OverlayView.m */,
				7DD620681BF1FF3F000D39DE /* DraggableView.h */,
				7DD620691BF1FF3F000D39DE /* DraggableView.m */,
				7DD620581BF17E90000D39DE /* RestaurantCollectionViewCell.h */,
				7DD620591BF17E90000D39DE /* RestaurantCollectionViewCell.m */,
				7DD6202A1BF17368000D39DE /* Info.plist */,
				7DD620271BF17368000D39DE /* LaunchScreen.storyboard */,
				7DD6201C1BF17368000D39DE /* AppDelegate.h */,
				7DD6201D1BF17368000D39DE /* AppDelegate.m */,
				7DD620521BF17A52000D39DE /* Restaurant.h */,
				7DD620531BF17A52000D39DE /* Restaurant.m */,
				7D4CB75F1BF5CCC3004386F0 /* Item.h */,
				7D4CB7601BF5CCC3004386F0 /* Item.m */,
				7DD6201A1BF17368000D39DE /* main.m */,
				7D4CB7651BF60D2B004386F0 /* ProductCell.h */,
				7D4CB7661BF60D2B004386F0 /* ProductCell.m */,
			);
			name = "Supporting Files";
			sourceTree = "<group>";
		};
		7DD620321BF17368000D39DE /* hci-projectTests */ = {
			isa = PBXGroup;
			children = (
				7DD620331BF17368000D39DE /* hci_projectTests.m */,
				7DD620351BF17368000D39DE /* Info.plist */,
			);
			path = "hci-projectTests";
			sourceTree = "<group>";
		};
		7DD6203D1BF17368000D39DE /* hci-projectUITests */ = {
			isa = PBXGroup;
			children = (
				7DD6203E1BF17368000D39DE /* hci_projectUITests.m */,
				7DD620401BF17368000D39DE /* Info.plist */,
			);
			path = "hci-projectUITests";
			sourceTree = "<group>";
		};
/* End PBXGroup section */

/* Begin PBXNativeTarget section */
		7DD620151BF17368000D39DE /* hci-project */ = {
			isa = PBXNativeTarget;
			buildConfigurationList = 7DD620431BF17368000D39DE /* Build configuration list for PBXNativeTarget "hci-project" */;
			buildPhases = (
				7DD620121BF17368000D39DE /* Sources */,
				7DD620131BF17368000D39DE /* Frameworks */,
				7DD620141BF17368000D39DE /* Resources */,
			);
			buildRules = (
			);
			dependencies = (
			);
			name = "hci-project";
			productName = "hci-project";
			productReference = 7DD620161BF17368000D39DE /* hci-project.app */;
			productType = "com.apple.product-type.application";
		};
		7DD6202E1BF17368000D39DE /* hci-projectTests */ = {
			isa = PBXNativeTarget;
			buildConfigurationList = 7DD620461BF17368000D39DE /* Build configuration list for PBXNativeTarget "hci-projectTests" */;
			buildPhases = (
				7DD6202B1BF17368000D39DE /* Sources */,
				7DD6202C1BF17368000D39DE /* Frameworks */,
				7DD6202D1BF17368000D39DE /* Resources */,
			);
			buildRules = (
			);
			dependencies = (
				7DD620311BF17368000D39DE /* PBXTargetDependency */,
			);
			name = "hci-projectTests";
			productName = "hci-projectTests";
			productReference = 7DD6202F1BF17368000D39DE /* hci-projectTests.xctest */;
			productType = "com.apple.product-type.bundle.unit-test";
		};
		7DD620391BF17368000D39DE /* hci-projectUITests */ = {
			isa = PBXNativeTarget;
			buildConfigurationList = 7DD620491BF17368000D39DE /* Build configuration list for PBXNativeTarget "hci-projectUITests" */;
			buildPhases = (
				7DD620361BF17368000D39DE /* Sources */,
				7DD620371BF17368000D39DE /* Frameworks */,
				7DD620381BF17368000D39DE /* Resources */,
			);
			buildRules = (
			);
			dependencies = (
				7DD6203C1BF17368000D39DE /* PBXTargetDependency */,
			);
			name = "hci-projectUITests";
			productName = "hci-projectUITests";
			productReference = 7DD6203A1BF17368000D39DE /* hci-projectUITests.xctest */;
			productType = "com.apple.product-type.bundle.ui-testing";
		};
/* End PBXNativeTarget section */

/* Begin PBXProject section */
		7DD6200E1BF17368000D39DE /* Project object */ = {
			isa = PBXProject;
			attributes = {
				LastUpgradeCheck = 0700;
				ORGANIZATIONNAME = "Namit Sharma";
				TargetAttributes = {
					7DD620151BF17368000D39DE = {
						CreatedOnToolsVersion = 7.0.1;
					};
					7DD6202E1BF17368000D39DE = {
						CreatedOnToolsVersion = 7.0.1;
						TestTargetID = 7DD620151BF17368000D39DE;
					};
					7DD620391BF17368000D39DE = {
						CreatedOnToolsVersion = 7.0.1;
						TestTargetID = 7DD620151BF17368000D39DE;
					};
				};
			};
			buildConfigurationList = 7DD620111BF17368000D39DE /* Build configuration list for PBXProject "hci-project" */;
			compatibilityVersion = "Xcode 3.2";
			developmentRegion = English;
			hasScannedForEncodings = 0;
			knownRegions = (
				en,
				Base,
			);
			mainGroup = 7DD6200D1BF17368000D39DE;
			productRefGroup = 7DD620171BF17368000D39DE /* Products */;
			projectDirPath = "";
			projectRoot = "";
			targets = (
				7DD620151BF17368000D39DE /* hci-project */,
				7DD6202E1BF17368000D39DE /* hci-projectTests */,
				7DD620391BF17368000D39DE /* hci-projectUITests */,
			);
		};
/* End PBXProject section */

/* Begin PBXResourcesBuildPhase section */
		7DD620141BF17368000D39DE /* Resources */ = {
			isa = PBXResourcesBuildPhase;
			buildActionMask = 2147483647;
			files = (
				7DD620291BF17368000D39DE /* LaunchScreen.storyboard in Resources */,
				7DD620711BF25435000D39DE /* Assets.xcassets in Resources */,
				7DD620241BF17368000D39DE /* Main.storyboard in Resources */,
			);
			runOnlyForDeploymentPostprocessing = 0;
		};
		7DD6202D1BF17368000D39DE /* Resources */ = {
			isa = PBXResourcesBuildPhase;
			buildActionMask = 2147483647;
			files = (
			);
			runOnlyForDeploymentPostprocessing = 0;
		};
		7DD620381BF17368000D39DE /* Resources */ = {
			isa = PBXResourcesBuildPhase;
			buildActionMask = 2147483647;
			files = (
			);
			runOnlyForDeploymentPostprocessing = 0;
		};
/* End PBXResourcesBuildPhase section */

/* Begin PBXSourcesBuildPhase section */
		7DD620121BF17368000D39DE /* Sources */ = {
			isa = PBXSourcesBuildPhase;
			buildActionMask = 2147483647;
			files = (
				7D4CB7611BF5CCC3004386F0 /* Item.m in Sources */,
				7DD6206E1BF1FF3F000D39DE /* DraggableView.m in Sources */,
				7DD6206F1BF1FF3F000D39DE /* OverlayView.m in Sources */,
				7D4CB75E1BF5CB7B004386F0 /* ItemDetailsViewController.m in Sources */,
				7DD6206D1BF1FF3F000D39DE /* DraggableViewBackground.m in Sources */,
				7D4CB7671BF60D2B004386F0 /* ProductCell.m in Sources */,
				7DD620541BF17A52000D39DE /* Restaurant.m in Sources */,
				7DD6205A1BF17E90000D39DE /* RestaurantCollectionViewCell.m in Sources */,
				7DD620631BF1BE56000D39DE /* RestaurantsViewController.m in Sources */,
				7DD6201E1BF17368000D39DE /* AppDelegate.m in Sources */,
				7D4CB7641BF5F590004386F0 /* MyShortList.m in Sources */,
				7DD620741BF257F3000D39DE /* ShortListViewController.m in Sources */,
				7DD6205D1BF1A8CD000D39DE /* SwipeViewController.m in Sources */,
				7DD6201B1BF17368000D39DE /* main.m in Sources */,
			);
			runOnlyForDeploymentPostprocessing = 0;
		};
		7DD6202B1BF17368000D39DE /* Sources */ = {
			isa = PBXSourcesBuildPhase;
			buildActionMask = 2147483647;
			files = (
				7DD620341BF17368000D39DE /* hci_projectTests.m in Sources */,
			);
			runOnlyForDeploymentPostprocessing = 0;
		};
		7DD620361BF17368000D39DE /* Sources */ = {
			isa = PBXSourcesBuildPhase;
			buildActionMask = 2147483647;
			files = (
				7DD6203F1BF17368000D39DE /* hci_projectUITests.m in Sources */,
			);
			runOnlyForDeploymentPostprocessing = 0;
		};
/* End PBXSourcesBuildPhase section */

/* Begin PBXTargetDependency section */
		7DD620311BF17368000D39DE /* PBXTargetDependency */ = {
			isa = PBXTargetDependency;
			target = 7DD620151BF17368000D39DE /* hci-project */;
			targetProxy = 7DD620301BF17368000D39DE /* PBXContainerItemProxy */;
		};
		7DD6203C1BF17368000D39DE /* PBXTargetDependency */ = {
			isa = PBXTargetDependency;
			target = 7DD620151BF17368000D39DE /* hci-project */;
			targetProxy = 7DD6203B1BF17368000D39DE /* PBXContainerItemProxy */;
		};
/* End PBXTargetDependency section */

/* Begin PBXVariantGroup section */
		7DD620221BF17368000D39DE /* Main.storyboard */ = {
			isa = PBXVariantGroup;
			children = (
				7DD620231BF17368000D39DE /* Base */,
			);
			name = Main.storyboard;
			sourceTree = "<group>";
		};
		7DD620271BF17368000D39DE /* LaunchScreen.storyboard */ = {
			isa = PBXVariantGroup;
			children = (
				7DD620281BF17368000D39DE /* Base */,
			);
			name = LaunchScreen.storyboard;
			sourceTree = "<group>";
		};
/* End PBXVariantGroup section */

/* Begin XCBuildConfiguration section */
		7DD620411BF17368000D39DE /* Debug */ = {
			isa = XCBuildConfiguration;
			buildSettings = {
				ALWAYS_SEARCH_USER_PATHS = NO;
				CLANG_CXX_LANGUAGE_STANDARD = "gnu++0x";
				CLANG_CXX_LIBRARY = "libc++";
				CLANG_ENABLE_MODULES = YES;
				CLANG_ENABLE_OBJC_ARC = YES;
				CLANG_WARN_BOOL_CONVERSION = YES;
				CLANG_WARN_CONSTANT_CONVERSION = YES;
				CLANG_WARN_DIRECT_OBJC_ISA_USAGE = YES_ERROR;
				CLANG_WARN_EMPTY_BODY = YES;
				CLANG_WARN_ENUM_CONVERSION = YES;
				CLANG_WARN_INT_CONVERSION = YES;
				CLANG_WARN_OBJC_ROOT_CLASS = YES_ERROR;
				CLANG_WARN_UNREACHABLE_CODE = YES;
				CLANG_WARN__DUPLICATE_METHOD_MATCH = YES;
				"CODE_SIGN_IDENTITY[sdk=iphoneos*]" = "iPhone Developer";
				COPY_PHASE_STRIP = NO;
				DEBUG_INFORMATION_FORMAT = dwarf;
				ENABLE_STRICT_OBJC_MSGSEND = YES;
				ENABLE_TESTABILITY = YES;
				GCC_C_LANGUAGE_STANDARD = gnu99;
				GCC_DYNAMIC_NO_PIC = NO;
				GCC_NO_COMMON_BLOCKS = YES;
				GCC_OPTIMIZATION_LEVEL = 0;
				GCC_PREPROCESSOR_DEFINITIONS = (
					"DEBUG=1",
					"$(inherited)",
				);
				GCC_WARN_64_TO_32_BIT_CONVERSION = YES;
				GCC_WARN_ABOUT_RETURN_TYPE = YES_ERROR;
				GCC_WARN_UNDECLARED_SELECTOR = YES;
				GCC_WARN_UNINITIALIZED_AUTOS = YES_AGGRESSIVE;
				GCC_WARN_UNUSED_FUNCTION = YES;
				GCC_WARN_UNUSED_VARIABLE = YES;
				IPHONEOS_DEPLOYMENT_TARGET = 9.0;
				MTL_ENABLE_DEBUG_INFO = YES;
				ONLY_ACTIVE_ARCH = YES;
				SDKROOT = iphoneos;
				TARGETED_DEVICE_FAMILY = "1,2";
			};
			name = Debug;
		};
		7DD620421BF17368000D39DE /* Release */ = {
			isa = XCBuildConfiguration;
			buildSettings = {
				ALWAYS_SEARCH_USER_PATHS = NO;
				CLANG_CXX_LANGUAGE_STANDARD = "gnu++0x";
				CLANG_CXX_LIBRARY = "libc++";
				CLANG_ENABLE_MODULES = YES;
				CLANG_ENABLE_OBJC_ARC = YES;
				CLANG_WARN_BOOL_CONVERSION = YES;
				CLANG_WARN_CONSTANT_CONVERSION = YES;
				CLANG_WARN_DIRECT_OBJC_ISA_USAGE = YES_ERROR;
				CLANG_WARN_EMPTY_BODY = YES;
				CLANG_WARN_ENUM_CONVERSION = YES;
				CLANG_WARN_INT_CONVERSION = YES;
				CLANG_WARN_OBJC_ROOT_CLASS = YES_ERROR;
				CLANG_WARN_UNREACHABLE_CODE = YES;
				CLANG_WARN__DUPLICATE_METHOD_MATCH = YES;
				"CODE_SIGN_IDENTITY[sdk=iphoneos*]" = "iPhone Developer";
				COPY_PHASE_STRIP = NO;
				DEBUG_INFORMATION_FORMAT = "dwarf-with-dsym";
				ENABLE_NS_ASSERTIONS = NO;
				ENABLE_STRICT_OBJC_MSGSEND = YES;
				GCC_C_LANGUAGE_STANDARD = gnu99;
				GCC_NO_COMMON_BLOCKS = YES;
				GCC_WARN_64_TO_32_BIT_CONVERSION = YES;
				GCC_WARN_ABOUT_RETURN_TYPE = YES_ERROR;
				GCC_WARN_UNDECLARED_SELECTOR = YES;
				GCC_WARN_UNINITIALIZED_AUTOS = YES_AGGRESSIVE;
				GCC_WARN_UNUSED_FUNCTION = YES;
				GCC_WARN_UNUSED_VARIABLE = YES;
				IPHONEOS_DEPLOYMENT_TARGET = 9.0;
				MTL_ENABLE_DEBUG_INFO = NO;
				SDKROOT = iphoneos;
				TARGETED_DEVICE_FAMILY = "1,2";
				VALIDATE_PRODUCT = YES;
			};
			name = Release;
		};
		7DD620441BF17368000D39DE /* Debug */ = {
			isa = XCBuildConfiguration;
			buildSettings = {
				ASSETCATALOG_COMPILER_APPICON_NAME = AppIcon;
				INFOPLIST_FILE = "hci-project/Info.plist";
				IPHONEOS_DEPLOYMENT_TARGET = 9.0;
				LD_RUNPATH_SEARCH_PATHS = "$(inherited) @executable_path/Frameworks";
				PRODUCT_BUNDLE_IDENTIFIER = "com.namit.hci-project";
				PRODUCT_NAME = "$(TARGET_NAME)";
			};
			name = Debug;
		};
		7DD620451BF17368000D39DE /* Release */ = {
			isa = XCBuildConfiguration;
			buildSettings = {
				ASSETCATALOG_COMPILER_APPICON_NAME = AppIcon;
				INFOPLIST_FILE = "hci-project/Info.plist";
				IPHONEOS_DEPLOYMENT_TARGET = 9.0;
				LD_RUNPATH_SEARCH_PATHS = "$(inherited) @executable_path/Frameworks";
				PRODUCT_BUNDLE_IDENTIFIER = "com.namit.hci-project";
				PRODUCT_NAME = "$(TARGET_NAME)";
			};
			name = Release;
		};
		7DD620471BF17368000D39DE /* Debug */ = {
			isa = XCBuildConfiguration;
			buildSettings = {
				BUNDLE_LOADER = "$(TEST_HOST)";
				INFOPLIST_FILE = "hci-projectTests/Info.plist";
				LD_RUNPATH_SEARCH_PATHS = "$(inherited) @executable_path/Frameworks @loader_path/Frameworks";
				PRODUCT_BUNDLE_IDENTIFIER = "com.namit.hci-projectTests";
				PRODUCT_NAME = "$(TARGET_NAME)";
				TEST_HOST = "$(BUILT_PRODUCTS_DIR)/hci-project.app/hci-project";
			};
			name = Debug;
		};
		7DD620481BF17368000D39DE /* Release */ = {
			isa = XCBuildConfiguration;
			buildSettings = {
				BUNDLE_LOADER = "$(TEST_HOST)";
				INFOPLIST_FILE = "hci-projectTests/Info.plist";
				LD_RUNPATH_SEARCH_PATHS = "$(inherited) @executable_path/Frameworks @loader_path/Frameworks";
				PRODUCT_BUNDLE_IDENTIFIER = "com.namit.hci-projectTests";
				PRODUCT_NAME = "$(TARGET_NAME)";
				TEST_HOST = "$(BUILT_PRODUCTS_DIR)/hci-project.app/hci-project";
			};
			name = Release;
		};
		7DD6204A1BF17368000D39DE /* Debug */ = {
			isa = XCBuildConfiguration;
			buildSettings = {
				INFOPLIST_FILE = "hci-projectUITests/Info.plist";
				LD_RUNPATH_SEARCH_PATHS = "$(inherited) @executable_path/Frameworks @loader_path/Frameworks";
				PRODUCT_BUNDLE_IDENTIFIER = "com.namit.hci-projectUITests";
				PRODUCT_NAME = "$(TARGET_NAME)";
				TEST_TARGET_NAME = "hci-project";
				USES_XCTRUNNER = YES;
			};
			name = Debug;
		};
		7DD6204B1BF17368000D39DE /* Release */ = {
			isa = XCBuildConfiguration;
			buildSettings = {
				INFOPLIST_FILE = "hci-projectUITests/Info.plist";
				LD_RUNPATH_SEARCH_PATHS = "$(inherited) @executable_path/Frameworks @loader_path/Frameworks";
				PRODUCT_BUNDLE_IDENTIFIER = "com.namit.hci-projectUITests";
				PRODUCT_NAME = "$(TARGET_NAME)";
				TEST_TARGET_NAME = "hci-project";
				USES_XCTRUNNER = YES;
			};
			name = Release;
		};
/* End XCBuildConfiguration section */

/* Begin XCConfigurationList section */
		7DD620111BF17368000D39DE /* Build configuration list for PBXProject "hci-project" */ = {
			isa = XCConfigurationList;
			buildConfigurations = (
				7DD620411BF17368000D39DE /* Debug */,
				7DD620421BF17368000D39DE /* Release */,
			);
			defaultConfigurationIsVisible = 0;
			defaultConfigurationName = Release;
		};
		7DD620431BF17368000D39DE /* Build configuration list for PBXNativeTarget "hci-project" */ = {
			isa = XCConfigurationList;
			buildConfigurations = (
				7DD620441BF17368000D39DE /* Debug */,
				7DD620451BF17368000D39DE /* Release */,
			);
			defaultConfigurationIsVisible = 0;
			defaultConfigurationName = Release;
		};
		7DD620461BF17368000D39DE /* Build configuration list for PBXNativeTarget "hci-projectTests" */ = {
			isa = XCConfigurationList;
			buildConfigurations = (
				7DD620471BF17368000D39DE /* Debug */,
				7DD620481BF17368000D39DE /* Release */,
			);
			defaultConfigurationIsVisible = 0;
			defaultConfigurationName = Release;
		};
		7DD620491BF17368000D39DE /* Build configuration list for PBXNativeTarget "hci-projectUITests" */ = {
			isa = XCConfigurationList;
			buildConfigurations = (
				7DD6204A1BF17368000D39DE /* Debug */,
				7DD6204B1BF17368000D39DE /* Release */,
			);
			defaultConfigurationIsVisible = 0;
			defaultConfigurationName = Release;
		};
/* End XCConfigurationList section */
	};
	rootObject = 7DD6200E1BF17368000D39DE /* Project object */;
}
